
Microsoft Visual Studio Solution File, Format Version 12.00
# Visual Studio Version 16
VisualStudioVersion = 16.0.31515.178
MinimumVisualStudioVersion = 10.0.40219.1
Project("{9A19103F-16F7-4668-BE54-9A1E7A4F7556}") = "EdaMonicaBookStore", "EdaMonicaBookStore\EdaMonicaBookStore.csproj", "{5C529373-2C3A-4A6C-B966-CA2E691AE2A4}"
EndProject
Project("{9A19103F-16F7-4668-BE54-9A1E7A4F7556}") = "EdaMonicaBookStore.DataAccess", "EdaMonicaBookStore.DataAccess\EdaMonicaBookStore.DataAccess.csproj", "{B62E3AFF-DF1B-4E81-850E-FDC43DBC32D8}"
EndProject
Project("{9A19103F-16F7-4668-BE54-9A1E7A4F7556}") = "EdaMonicaBookStore.Models", "EdaMonicaBookStore.Models\EdaMonicaBookStore.Models.csproj", "{01D82BC5-C6B5-42CD-954A-4EA0980F9EA0}"
EndProject
Project("{9A19103F-16F7-4668-BE54-9A1E7A4F7556}") = "EdaMonicaBookStore.Utility", "EdaMonicaBookStore.Utility\EdaMonicaBookStore.Utility.csproj", "{0343C163-A8B7-4224-B29F-2CED48FD9B84}"
EndProject
Global
	GlobalSection(SolutionConfigurationPlatforms) = preSolution
		Debug|Any CPU = Debug|Any CPU
		Release|Any CPU = Release|Any CPU
	EndGlobalSection
	GlobalSection(ProjectConfigurationPlatforms) = postSolution
		{5C529373-2C3A-4A6C-B966-CA2E691AE2A4}.Debug|Any CPU.ActiveCfg = Debug|Any CPU
		{5C529373-2C3A-4A6C-B966-CA2E691AE2A4}.Debug|Any CPU.Build.0 = Debug|Any CPU
		{5C529373-2C3A-4A6C-B966-CA2E691AE2A4}.Release|Any CPU.ActiveCfg = Release|Any CPU
		{5C529373-2C3A-4A6C-B966-CA2E691AE2A4}.Release|Any CPU.Build.0 = Release|Any CPU
		{B62E3AFF-DF1B-4E81-850E-FDC43DBC32D8}.Debug|Any CPU.ActiveCfg = Debug|Any CPU
		{B62E3AFF-DF1B-4E81-850E-FDC43DBC32D8}.Debug|Any CPU.Build.0 = Debug|Any CPU
		{B62E3AFF-DF1B-4E81-850E-FDC43DBC32D8}.Release|Any CPU.ActiveCfg = Release|Any CPU
		{B62E3AFF-DF1B-4E81-850E-FDC43DBC32D8}.Release|Any CPU.Build.0 = Release|Any CPU
		{01D82BC5-C6B5-42CD-954A-4EA0980F9EA0}.Debug|Any CPU.ActiveCfg = Debug|Any CPU
		{01D82BC5-C6B5-42CD-954A-4EA0980F9EA0}.Debug|Any CPU.Build.0 = Debug|Any CPU
		{01D82BC5-C6B5-42CD-954A-4EA0980F9EA0}.Release|Any CPU.ActiveCfg = Release|Any CPU
		{01D82BC5-C6B5-42CD-954A-4EA0980F9EA0}.Release|Any CPU.Build.0 = Release|Any CPU
		{0343C163-A8B7-4224-B29F-2CED48FD9B84}.Debug|Any CPU.ActiveCfg = Debug|Any CPU
		{0343C163-A8B7-4224-B29F-2CED48FD9B84}.Debug|Any CPU.Build.0 = Debug|Any CPU
		{0343C163-A8B7-4224-B29F-2CED48FD9B84}.Release|Any CPU.ActiveCfg = Release|Any CPU
		{0343C163-A8B7-4224-B29F-2CED48FD9B84}.Release|Any CPU.Build.0 = Release|Any CPU
	EndGlobalSection
	GlobalSection(SolutionProperties) = preSolution
		HideSolutionNode = FALSE
	EndGlobalSection
	GlobalSection(ExtensibilityGlobals) = postSolution
		SolutionGuid = {E823A120-5893-467D-AEAD-CAA0567EFA2A}
	EndGlobalSection
EndGlobal
